[{<<"egl">>,
  {git,"https://github.com/erlangsters/egl-1.5.git",
       {ref,"51846900ccc5faaa542b67b893a41b4655d2bcc3"}},
  0},
 {<<"gl">>,
  {git,"https://github.com/erlangsters/opengl-es-3.1.git",
       {ref,"1dda7cfcdf63d06d232642c754e6dc5496a849e5"}},
  0},
 {<<"glfw">>,
  {git,"https://github.com/erlangsters/glfw.git",
       {ref,"1df21bc48436fd684456472d64e6881a1cb1e2c7"}},
  0},
 {<<"glm">>,
  {git,"https://github.com/erlangsters/glm.git",
       {ref,"8d5452a7223023752e234d17b2a53da5159bd3a3"}},
  0}].
