[{<<"egl">>,
  {git,"https://github.com/erlangsters/egl-1.5.git",
       {ref,"1d8d881e8204a57dcf032f53f1ff3f1e712d9d22"}},
  0},
 {<<"gl">>,
  {git,"https://github.com/erlangsters/opengl-4.6.git",
       {ref,"ff653b6702a79ecbc6052c6e78dab7e25eba2b83"}},
  0},
 {<<"glfw">>,
  {git,"https://github.com/erlangsters/glfw.git",
       {ref,"7e368abb6bd19b1cfa9b967f0ab53232ce8f397d"}},
  0},
 {<<"glm">>,
  {git,"https://github.com/erlangsters/glm.git",
       {ref,"8d5452a7223023752e234d17b2a53da5159bd3a3"}},
  0}].
