[{<<"egl">>,
  {git,"https://github.com/erlangsters/egl-1.5.git",
       {ref,"6d4234215bec59eda52999db191f32ec83069360"}},
  0},
 {<<"gl">>,
  {git,"https://github.com/erlangsters/opengl-es-3.1.git",
       {ref,"9f07c947804ca3b38cf8f50a39367f4e213d0256"}},
  0},
 {<<"glfw">>,
  {git,"https://github.com/erlangsters/glfw.git",
       {ref,"bc4891c1b5c619afd463dadac604ecb625e235db"}},
  0},
 {<<"glm">>,
  {git,"https://github.com/erlangsters/glm.git",
       {ref,"8d5452a7223023752e234d17b2a53da5159bd3a3"}},
  0}].
